
Microsoft Visual Studio Solution File, Format Version 12.00
# Visual Studio Version 17
VisualStudioVersion = 17.11.35303.130
MinimumVisualStudioVersion = 10.0.40219.1
Project("{FAE04EC0-301F-11D3-BF4B-00C04F79EFBC}") = "SimpleNHLLineupGenerator", "SimpleNHLLineupGenerator\SimpleNHLLineupGenerator.csproj", "{C6AFC89E-1A0D-4738-8E9B-4A95A8B0F207}"
EndProject
Global
	GlobalSection(SolutionConfigurationPlatforms) = preSolution
		Debug|Any CPU = Debug|Any CPU
		Release|Any CPU = Release|Any CPU
	EndGlobalSection
	GlobalSection(ProjectConfigurationPlatforms) = postSolution
		{C6AFC89E-1A0D-4738-8E9B-4A95A8B0F207}.Debug|Any CPU.ActiveCfg = Debug|Any CPU
		{C6AFC89E-1A0D-4738-8E9B-4A95A8B0F207}.Debug|Any CPU.Build.0 = Debug|Any CPU
		{C6AFC89E-1A0D-4738-8E9B-4A95A8B0F207}.Release|Any CPU.ActiveCfg = Release|Any CPU
		{C6AFC89E-1A0D-4738-8E9B-4A95A8B0F207}.Release|Any CPU.Build.0 = Release|Any CPU
	EndGlobalSection
	GlobalSection(SolutionProperties) = preSolution
		HideSolutionNode = FALSE
	EndGlobalSection
	GlobalSection(ExtensibilityGlobals) = postSolution
		SolutionGuid = {D546057E-1183-4095-B638-F9FB76EEB0CA}
	EndGlobalSection
EndGlobal
